
Microsoft Visual Studio Solution File, Format Version 12.00
# Visual Studio Version 17
VisualStudioVersion = 17.11.35312.102
MinimumVisualStudioVersion = 10.0.40219.1
Project("{FAE04EC0-301F-11D3-BF4B-00C04F79EFBC}") = "GTnguoigiupviec", "GTnguoigiupviec\GTnguoigiupviec.csproj", "{A5361B54-F79F-4E48-B7F6-D85AC23221D2}"
EndProject
Global
	GlobalSection(SolutionConfigurationPlatforms) = preSolution
		Debug|Any CPU = Debug|Any CPU
		Release|Any CPU = Release|Any CPU
	EndGlobalSection
	GlobalSection(ProjectConfigurationPlatforms) = postSolution
		{A5361B54-F79F-4E48-B7F6-D85AC23221D2}.Debug|Any CPU.ActiveCfg = Debug|Any CPU
		{A5361B54-F79F-4E48-B7F6-D85AC23221D2}.Debug|Any CPU.Build.0 = Debug|Any CPU
		{A5361B54-F79F-4E48-B7F6-D85AC23221D2}.Release|Any CPU.ActiveCfg = Release|Any CPU
		{A5361B54-F79F-4E48-B7F6-D85AC23221D2}.Release|Any CPU.Build.0 = Release|Any CPU
	EndGlobalSection
	GlobalSection(SolutionProperties) = preSolution
		HideSolutionNode = FALSE
	EndGlobalSection
	GlobalSection(ExtensibilityGlobals) = postSolution
		SolutionGuid = {7FD76837-7102-4D67-8CEB-51D74207053C}
	EndGlobalSection
EndGlobal
